// !$*UTF8*$!
{
	archiveVersion = 1;
	classes = {
	};
	objectVersion = 46;
	objects = {

/* Begin PBXBuildFile section */
		04CC48B51E97461500DA60D3 /* Home.storyboard in Resources */ = {isa = PBXBuildFile; fileRef = 04CC48B31E97461500DA60D3 /* Home.storyboard */; };
		04CC48B71E97465400DA60D3 /* Live.storyboard in Resources */ = {isa = PBXBuildFile; fileRef = 04CC48B61E97465400DA60D3 /* Live.storyboard */; };
		04CC48BA1E97466A00DA60D3 /* Follow.storyboard in Resources */ = {isa = PBXBuildFile; fileRef = 04CC48B81E97466A00DA60D3 /* Follow.storyboard */; };
		04CC48BC1E97468600DA60D3 /* Prodifl.storyboard in Resources */ = {isa = PBXBuildFile; fileRef = 04CC48BB1E97468600DA60D3 /* Prodifl.storyboard */; };
		04CC48BE1E9765FA00DA60D3 /* MainViewController.swift in Sources */ = {isa = PBXBuildFile; fileRef = 04CC48BD1E9765FA00DA60D3 /* MainViewController.swift */; };
		04DC71241E9641BF00A6B737 /* AppDelegate.swift in Sources */ = {isa = PBXBuildFile; fileRef = 04DC71231E9641BF00A6B737 /* AppDelegate.swift */; };
		04DC71291E9641BF00A6B737 /* Main.storyboard in Resources */ = {isa = PBXBuildFile; fileRef = 04DC71271E9641BF00A6B737 /* Main.storyboard */; };
		04DC712B1E9641BF00A6B737 /* Assets.xcassets in Resources */ = {isa = PBXBuildFile; fileRef = 04DC712A1E9641BF00A6B737 /* Assets.xcassets */; };
		04DC712E1E9641BF00A6B737 /* LaunchScreen.storyboard in Resources */ = {isa = PBXBuildFile; fileRef = 04DC712C1E9641BF00A6B737 /* LaunchScreen.storyboard */; };
/* End PBXBuildFile section */

/* Begin PBXFileReference section */
		04CC48B41E97461500DA60D3 /* Base */ = {isa = PBXFileReference; lastKnownFileType = file.storyboard; name = Base; path = DYZB/Base.lproj/Home.storyboard; sourceTree = SOURCE_ROOT; };
		04CC48B61E97465400DA60D3 /* Live.storyboard */ = {isa = PBXFileReference; fileEncoding = 4; lastKnownFileType = file.storyboard; name = Live.storyboard; path = ../Main/Live.storyboard; sourceTree = "<group>"; };
		04CC48B91E97466A00DA60D3 /* Base */ = {isa = PBXFileReference; lastKnownFileType = file.storyboard; name = Base; path = DYZB/Base.lproj/Follow.storyboard; sourceTree = SOURCE_ROOT; };
		04CC48BB1E97468600DA60D3 /* Prodifl.storyboard */ = {isa = PBXFileReference; fileEncoding = 4; lastKnownFileType = file.storyboard; name = Prodifl.storyboard; path = ../Main/Prodifl.storyboard; sourceTree = "<group>"; };
		04CC48BD1E9765FA00DA60D3 /* MainViewController.swift */ = {isa = PBXFileReference; fileEncoding = 4; lastKnownFileType = sourcecode.swift; path = MainViewController.swift; sourceTree = "<group>"; };
		04DC71201E9641BF00A6B737 /* DYZB.app */ = {isa = PBXFileReference; explicitFileType = wrapper.application; includeInIndex = 0; path = DYZB.app; sourceTree = BUILT_PRODUCTS_DIR; };
		04DC71231E9641BF00A6B737 /* AppDelegate.swift */ = {isa = PBXFileReference; lastKnownFileType = sourcecode.swift; path = AppDelegate.swift; sourceTree = "<group>"; };
		04DC71281E9641BF00A6B737 /* Base */ = {isa = PBXFileReference; lastKnownFileType = file.storyboard; name = Base; path = Base.lproj/Main.storyboard; sourceTree = "<group>"; };
		04DC712A1E9641BF00A6B737 /* Assets.xcassets */ = {isa = PBXFileReference; lastKnownFileType = folder.assetcatalog; path = Assets.xcassets; sourceTree = "<group>"; };
		04DC712D1E9641BF00A6B737 /* Base */ = {isa = PBXFileReference; lastKnownFileType = file.storyboard; name = Base; path = Base.lproj/LaunchScreen.storyboard; sourceTree = "<group>"; };
		04DC712F1E9641BF00A6B737 /* Info.plist */ = {isa = PBXFileReference; lastKnownFileType = text.plist.xml; path = Info.plist; sourceTree = "<group>"; };
/* End PBXFileReference section */

/* Begin PBXFrameworksBuildPhase section */
		04DC711D1E9641BF00A6B737 /* Frameworks */ = {
			isa = PBXFrameworksBuildPhase;
			buildActionMask = 2147483647;
			files = (
			);
			runOnlyForDeploymentPostprocessing = 0;
		};
/* End PBXFrameworksBuildPhase section */

/* Begin PBXGroup section */
		045E26ED1E964EE300EA9FBB /* Classes */ = {
			isa = PBXGroup;
			children = (
				045E26F11E964EE300EA9FBB /* Main */,
				045E26EF1E964EE300EA9FBB /* Home */,
				045E26EE1E964EE300EA9FBB /* Follow */,
				045E26F01E964EE300EA9FBB /* Live */,
				045E26F21E964EE300EA9FBB /* Profile */,
				045E26F31E964EE300EA9FBB /* Tools */,
			);
			path = Classes;
			sourceTree = "<group>";
		};
		045E26EE1E964EE300EA9FBB /* Follow */ = {
			isa = PBXGroup;
			children = (
				04CC48B81E97466A00DA60D3 /* Follow.storyboard */,
			);
			path = Follow;
			sourceTree = "<group>";
		};
		045E26EF1E964EE300EA9FBB /* Home */ = {
			isa = PBXGroup;
			children = (
				04CC48B31E97461500DA60D3 /* Home.storyboard */,
			);
			path = Home;
			sourceTree = "<group>";
		};
		045E26F01E964EE300EA9FBB /* Live */ = {
			isa = PBXGroup;
			children = (
				04CC48B61E97465400DA60D3 /* Live.storyboard */,
			);
			path = Live;
			sourceTree = "<group>";
		};
		045E26F11E964EE300EA9FBB /* Main */ = {
			isa = PBXGroup;
			children = (
				04DC71271E9641BF00A6B737 /* Main.storyboard */,
				04CC48BD1E9765FA00DA60D3 /* MainViewController.swift */,
			);
			path = Main;
			sourceTree = "<group>";
		};
		045E26F21E964EE300EA9FBB /* Profile */ = {
			isa = PBXGroup;
			children = (
				04CC48BB1E97468600DA60D3 /* Prodifl.storyboard */,
			);
			path = Profile;
			sourceTree = "<group>";
		};
		045E26F31E964EE300EA9FBB /* Tools */ = {
			isa = PBXGroup;
			children = (
			);
			path = Tools;
			sourceTree = "<group>";
		};
		04DC71171E9641BF00A6B737 = {
			isa = PBXGroup;
			children = (
				04DC71221E9641BF00A6B737 /* DYZB */,
				04DC71211E9641BF00A6B737 /* Products */,
			);
			sourceTree = "<group>";
		};
		04DC71211E9641BF00A6B737 /* Products */ = {
			isa = PBXGroup;
			children = (
				04DC71201E9641BF00A6B737 /* DYZB.app */,
			);
			name = Products;
			sourceTree = "<group>";
		};
		04DC71221E9641BF00A6B737 /* DYZB */ = {
			isa = PBXGroup;
			children = (
				045E26ED1E964EE300EA9FBB /* Classes */,
				04DC71231E9641BF00A6B737 /* AppDelegate.swift */,
				04DC712A1E9641BF00A6B737 /* Assets.xcassets */,
				04DC712C1E9641BF00A6B737 /* LaunchScreen.storyboard */,
				04DC712F1E9641BF00A6B737 /* Info.plist */,
			);
			path = DYZB;
			sourceTree = "<group>";
		};
/* End PBXGroup section */

/* Begin PBXNativeTarget section */
		04DC711F1E9641BF00A6B737 /* DYZB */ = {
			isa = PBXNativeTarget;
			buildConfigurationList = 04DC71321E9641BF00A6B737 /* Build configuration list for PBXNativeTarget "DYZB" */;
			buildPhases = (
				04DC711C1E9641BF00A6B737 /* Sources */,
				04DC711D1E9641BF00A6B737 /* Frameworks */,
				04DC711E1E9641BF00A6B737 /* Resources */,
			);
			buildRules = (
			);
			dependencies = (
			);
			name = DYZB;
			productName = DYZB;
			productReference = 04DC71201E9641BF00A6B737 /* DYZB.app */;
			productType = "com.apple.product-type.application";
		};
/* End PBXNativeTarget section */

/* Begin PBXProject section */
		04DC71181E9641BF00A6B737 /* Project object */ = {
			isa = PBXProject;
			attributes = {
				LastSwiftUpdateCheck = 0830;
				LastUpgradeCheck = 0830;
				ORGANIZATIONNAME = "小宝哥哥";
				TargetAttributes = {
					04DC711F1E9641BF00A6B737 = {
						CreatedOnToolsVersion = 8.3;
						ProvisioningStyle = Automatic;
					};
				};
			};
			buildConfigurationList = 04DC711B1E9641BF00A6B737 /* Build configuration list for PBXProject "DYZB" */;
			compatibilityVersion = "Xcode 3.2";
			developmentRegion = English;
			hasScannedForEncodings = 0;
			knownRegions = (
				en,
				Base,
			);
			mainGroup = 04DC71171E9641BF00A6B737;
			productRefGroup = 04DC71211E9641BF00A6B737 /* Products */;
			projectDirPath = "";
			projectRoot = "";
			targets = (
				04DC711F1E9641BF00A6B737 /* DYZB */,
			);
		};
/* End PBXProject section */

/* Begin PBXResourcesBuildPhase section */
		04DC711E1E9641BF00A6B737 /* Resources */ = {
			isa = PBXResourcesBuildPhase;
			buildActionMask = 2147483647;
			files = (
				04DC712E1E9641BF00A6B737 /* LaunchScreen.storyboard in Resources */,
				04DC712B1E9641BF00A6B737 /* Assets.xcassets in Resources */,
				04DC71291E9641BF00A6B737 /* Main.storyboard in Resources */,
				04CC48B71E97465400DA60D3 /* Live.storyboard in Resources */,
				04CC48B51E97461500DA60D3 /* Home.storyboard in Resources */,
				04CC48BC1E97468600DA60D3 /* Prodifl.storyboard in Resources */,
				04CC48BA1E97466A00DA60D3 /* Follow.storyboard in Resources */,
			);
			runOnlyForDeploymentPostprocessing = 0;
		};
/* End PBXResourcesBuildPhase section */

/* Begin PBXSourcesBuildPhase section */
		04DC711C1E9641BF00A6B737 /* Sources */ = {
			isa = PBXSourcesBuildPhase;
			buildActionMask = 2147483647;
			files = (
				04DC71241E9641BF00A6B737 /* AppDelegate.swift in Sources */,
				04CC48BE1E9765FA00DA60D3 /* MainViewController.swift in Sources */,
			);
			runOnlyForDeploymentPostprocessing = 0;
		};
/* End PBXSourcesBuildPhase section */

/* Begin PBXVariantGroup section */
		04CC48B31E97461500DA60D3 /* Home.storyboard */ = {
			isa = PBXVariantGroup;
			children = (
				04CC48B41E97461500DA60D3 /* Base */,
			);
			name = Home.storyboard;
			path = ../Main;
			sourceTree = "<group>";
		};
		04CC48B81E97466A00DA60D3 /* Follow.storyboard */ = {
			isa = PBXVariantGroup;
			children = (
				04CC48B91E97466A00DA60D3 /* Base */,
			);
			name = Follow.storyboard;
			path = ../Main;
			sourceTree = "<group>";
		};
		04DC71271E9641BF00A6B737 /* Main.storyboard */ = {
			isa = PBXVariantGroup;
			children = (
				04DC71281E9641BF00A6B737 /* Base */,
			);
			name = Main.storyboard;
			path = ../..;
			sourceTree = "<group>";
		};
		04DC712C1E9641BF00A6B737 /* LaunchScreen.storyboard */ = {
			isa = PBXVariantGroup;
			children = (
				04DC712D1E9641BF00A6B737 /* Base */,
			);
			name = LaunchScreen.storyboard;
			sourceTree = "<group>";
		};
/* End PBXVariantGroup section */

/* Begin XCBuildConfiguration section */
		04DC71301E9641BF00A6B737 /* Debug */ = {
			isa = XCBuildConfiguration;
			buildSettings = {
				ALWAYS_SEARCH_USER_PATHS = NO;
				CLANG_ANALYZER_NONNULL = YES;
				CLANG_ANALYZER_NUMBER_OBJECT_CONVERSION = YES_AGGRESSIVE;
				CLANG_CXX_LANGUAGE_STANDARD = "gnu++0x";
				CLANG_CXX_LIBRARY = "libc++";
				CLANG_ENABLE_MODULES = YES;
				CLANG_ENABLE_OBJC_ARC = YES;
				CLANG_WARN_BOOL_CONVERSION = YES;
				CLANG_WARN_CONSTANT_CONVERSION = YES;
				CLANG_WARN_DIRECT_OBJC_ISA_USAGE = YES_ERROR;
				CLANG_WARN_DOCUMENTATION_COMMENTS = YES;
				CLANG_WARN_EMPTY_BODY = YES;
				CLANG_WARN_ENUM_CONVERSION = YES;
				CLANG_WARN_INFINITE_RECURSION = YES;
				CLANG_WARN_INT_CONVERSION = YES;
				CLANG_WARN_OBJC_ROOT_CLASS = YES_ERROR;
				CLANG_WARN_SUSPICIOUS_MOVE = YES;
				CLANG_WARN_UNREACHABLE_CODE = YES;
				CLANG_WARN__DUPLICATE_METHOD_MATCH = YES;
				"CODE_SIGN_IDENTITY[sdk=iphoneos*]" = "iPhone Developer";
				COPY_PHASE_STRIP = NO;
				DEBUG_INFORMATION_FORMAT = dwarf;
				ENABLE_STRICT_OBJC_MSGSEND = YES;
				ENABLE_TESTABILITY = YES;
				GCC_C_LANGUAGE_STANDARD = gnu99;
				GCC_DYNAMIC_NO_PIC = NO;
				GCC_NO_COMMON_BLOCKS = YES;
				GCC_OPTIMIZATION_LEVEL = 0;
				GCC_PREPROCESSOR_DEFINITIONS = (
					"DEBUG=1",
					"$(inherited)",
				);
				GCC_WARN_64_TO_32_BIT_CONVERSION = YES;
				GCC_WARN_ABOUT_RETURN_TYPE = YES_ERROR;
				GCC_WARN_UNDECLARED_SELECTOR = YES;
				GCC_WARN_UNINITIALIZED_AUTOS = YES_AGGRESSIVE;
				GCC_WARN_UNUSED_FUNCTION = YES;
				GCC_WARN_UNUSED_VARIABLE = YES;
				IPHONEOS_DEPLOYMENT_TARGET = 10.3;
				MTL_ENABLE_DEBUG_INFO = YES;
				ONLY_ACTIVE_ARCH = YES;
				SDKROOT = iphoneos;
				SWIFT_ACTIVE_COMPILATION_CONDITIONS = DEBUG;
				SWIFT_OPTIMIZATION_LEVEL = "-Onone";
				TARGETED_DEVICE_FAMILY = "1,2";
			};
			name = Debug;
		};
		04DC71311E9641BF00A6B737 /* Release */ = {
			isa = XCBuildConfiguration;
			buildSettings = {
				ALWAYS_SEARCH_USER_PATHS = NO;
				CLANG_ANALYZER_NONNULL = YES;
				CLANG_ANALYZER_NUMBER_OBJECT_CONVERSION = YES_AGGRESSIVE;
				CLANG_CXX_LANGUAGE_STANDARD = "gnu++0x";
				CLANG_CXX_LIBRARY = "libc++";
				CLANG_ENABLE_MODULES = YES;
				CLANG_ENABLE_OBJC_ARC = YES;
				CLANG_WARN_BOOL_CONVERSION = YES;
				CLANG_WARN_CONSTANT_CONVERSION = YES;
				CLANG_WARN_DIRECT_OBJC_ISA_USAGE = YES_ERROR;
				CLANG_WARN_DOCUMENTATION_COMMENTS = YES;
				CLANG_WARN_EMPTY_BODY = YES;
				CLANG_WARN_ENUM_CONVERSION = YES;
				CLANG_WARN_INFINITE_RECURSION = YES;
				CLANG_WARN_INT_CONVERSION = YES;
				CLANG_WARN_OBJC_ROOT_CLASS = YES_ERROR;
				CLANG_WARN_SUSPICIOUS_MOVE = YES;
				CLANG_WARN_UNREACHABLE_CODE = YES;
				CLANG_WARN__DUPLICATE_METHOD_MATCH = YES;
				"CODE_SIGN_IDENTITY[sdk=iphoneos*]" = "iPhone Developer";
				COPY_PHASE_STRIP = NO;
				DEBUG_INFORMATION_FORMAT = "dwarf-with-dsym";
				ENABLE_NS_ASSERTIONS = NO;
				ENABLE_STRICT_OBJC_MSGSEND = YES;
				GCC_C_LANGUAGE_STANDARD = gnu99;
				GCC_NO_COMMON_BLOCKS = YES;
				GCC_WARN_64_TO_32_BIT_CONVERSION = YES;
				GCC_WARN_ABOUT_RETURN_TYPE = YES_ERROR;
				GCC_WARN_UNDECLARED_SELECTOR = YES;
				GCC_WARN_UNINITIALIZED_AUTOS = YES_AGGRESSIVE;
				GCC_WARN_UNUSED_FUNCTION = YES;
				GCC_WARN_UNUSED_VARIABLE = YES;
				IPHONEOS_DEPLOYMENT_TARGET = 10.3;
				MTL_ENABLE_DEBUG_INFO = NO;
				SDKROOT = iphoneos;
				SWIFT_OPTIMIZATION_LEVEL = "-Owholemodule";
				TARGETED_DEVICE_FAMILY = "1,2";
				VALIDATE_PRODUCT = YES;
			};
			name = Release;
		};
		04DC71331E9641BF00A6B737 /* Debug */ = {
			isa = XCBuildConfiguration;
			buildSettings = {
				ASSETCATALOG_COMPILER_APPICON_NAME = AppIcon;
				ASSETCATALOG_COMPILER_LAUNCHIMAGE_NAME = LaunchImage;
				INFOPLIST_FILE = DYZB/Info.plist;
				IPHONEOS_DEPLOYMENT_TARGET = 9.0;
				LD_RUNPATH_SEARCH_PATHS = "$(inherited) @executable_path/Frameworks";
				PRODUCT_BUNDLE_IDENTIFIER = WXB.520.DYZB;
				PRODUCT_NAME = "$(TARGET_NAME)";
				SWIFT_VERSION = 3.0;
			};
			name = Debug;
		};
		04DC71341E9641BF00A6B737 /* Release */ = {
			isa = XCBuildConfiguration;
			buildSettings = {
				ASSETCATALOG_COMPILER_APPICON_NAME = AppIcon;
				ASSETCATALOG_COMPILER_LAUNCHIMAGE_NAME = LaunchImage;
				INFOPLIST_FILE = DYZB/Info.plist;
				IPHONEOS_DEPLOYMENT_TARGET = 9.0;
				LD_RUNPATH_SEARCH_PATHS = "$(inherited) @executable_path/Frameworks";
				PRODUCT_BUNDLE_IDENTIFIER = WXB.520.DYZB;
				PRODUCT_NAME = "$(TARGET_NAME)";
				SWIFT_VERSION = 3.0;
			};
			name = Release;
		};
/* End XCBuildConfiguration section */

/* Begin XCConfigurationList section */
		04DC711B1E9641BF00A6B737 /* Build configuration list for PBXProject "DYZB" */ = {
			isa = XCConfigurationList;
			buildConfigurations = (
				04DC71301E9641BF00A6B737 /* Debug */,
				04DC71311E9641BF00A6B737 /* Release */,
			);
			defaultConfigurationIsVisible = 0;
			defaultConfigurationName = Release;
		};
		04DC71321E9641BF00A6B737 /* Build configuration list for PBXNativeTarget "DYZB" */ = {
			isa = XCConfigurationList;
			buildConfigurations = (
				04DC71331E9641BF00A6B737 /* Debug */,
				04DC71341E9641BF00A6B737 /* Release */,
			);
			defaultConfigurationIsVisible = 0;
			defaultConfigurationName = Release;
		};
/* End XCConfigurationList section */
	};
	rootObject = 04DC71181E9641BF00A6B737 /* Project object */;
}
